<Solution>
  <Project Path="AuthService/AuthService.csproj" />
  <Project Path="CourseService/CourseService.csproj" Id="980bf561-4c0b-48d9-8f41-d0374c73d3de" />
  <Project Path="EnrollmentService/EnrollmentService.csproj" Id="0a8966f3-07f7-49c1-8de9-36850a7e9915" />
  <Project Path="PaymentService/PaymentService.csproj" Id="01fad24d-b6bf-4ed8-a036-9b5ad5e96257" />
</Solution>
